
Microsoft Visual Studio Solution File, Format Version 12.00
# Visual Studio 14
VisualStudioVersion = 14.0.23107.0
MinimumVisualStudioVersion = 10.0.40219.1
Project("{8BC9CEB8-8B4A-11D0-8D11-00A0C91BC942}") = "FEX", "FEX\fex.vcxproj", "{ED6ED5FB-E97F-451D-A6A4-EA7113CA082E}"
EndProject
Project("{8BC9CEB8-8B4A-11D0-8D11-00A0C91BC942}") = "DGM", "DGM\DGM.vcxproj", "{5E2B8F9E-4760-477E-A5C1-AEAC95D7CB89}"
EndProject
Project("{8BC9CEB8-8B4A-11D0-8D11-00A0C91BC942}") = "Demo 1D", "Demo 1D\Demo 1D.vcxproj", "{5A4CD0BD-C65A-4A2A-8A99-5151D5AEBB11}"
	ProjectSection(ProjectDependencies) = postProject
		{5E2B8F9E-4760-477E-A5C1-AEAC95D7CB89} = {5E2B8F9E-4760-477E-A5C1-AEAC95D7CB89}
	EndProjectSection
EndProject
Project("{8BC9CEB8-8B4A-11D0-8D11-00A0C91BC942}") = "Demo 2D", "Demo 2D\Demo 2D.vcxproj", "{6E9EA1D4-8906-4811-BDFE-873985A17C8C}"
	ProjectSection(ProjectDependencies) = postProject
		{5E2B8F9E-4760-477E-A5C1-AEAC95D7CB89} = {5E2B8F9E-4760-477E-A5C1-AEAC95D7CB89}
	EndProjectSection
EndProject
Project("{8BC9CEB8-8B4A-11D0-8D11-00A0C91BC942}") = "Demo Train", "Demo Train\Demo Train.vcxproj", "{FB8B606A-61E6-4D72-9F70-590033DD49FE}"
	ProjectSection(ProjectDependencies) = postProject
		{5E2B8F9E-4760-477E-A5C1-AEAC95D7CB89} = {5E2B8F9E-4760-477E-A5C1-AEAC95D7CB89}
	EndProjectSection
EndProject
Project("{2150E333-8FDC-42A3-9474-1A3956D46DE8}") = "Demo", "Demo", "{80985928-5852-4AAB-878C-8B0A55FDC3F3}"
EndProject
Project("{8BC9CEB8-8B4A-11D0-8D11-00A0C91BC942}") = "Demo Feature Extraction", "Demo Feature Extraction\Demo Feature Extraction.vcxproj", "{626AFDDB-8337-4063-97E4-75264ED764D1}"
	ProjectSection(ProjectDependencies) = postProject
		{ED6ED5FB-E97F-451D-A6A4-EA7113CA082E} = {ED6ED5FB-E97F-451D-A6A4-EA7113CA082E}
	EndProjectSection
EndProject
Project("{8BC9CEB8-8B4A-11D0-8D11-00A0C91BC942}") = "Demo Visualization", "Demo Visualization\Demo Visualization.vcxproj", "{19D31EF8-0A21-439A-8B9B-F4941FCF0CC8}"
	ProjectSection(ProjectDependencies) = postProject
		{5E2B8F9E-4760-477E-A5C1-AEAC95D7CB89} = {5E2B8F9E-4760-477E-A5C1-AEAC95D7CB89}
	EndProjectSection
EndProject
Global
	GlobalSection(SolutionConfigurationPlatforms) = preSolution
		Debug|Win32 = Debug|Win32
		Debug|x64 = Debug|x64
		Release|Win32 = Release|Win32
		Release|x64 = Release|x64
	EndGlobalSection
	GlobalSection(ProjectConfigurationPlatforms) = postSolution
		{ED6ED5FB-E97F-451D-A6A4-EA7113CA082E}.Debug|Win32.ActiveCfg = Debug|Win32
		{ED6ED5FB-E97F-451D-A6A4-EA7113CA082E}.Debug|Win32.Build.0 = Debug|Win32
		{ED6ED5FB-E97F-451D-A6A4-EA7113CA082E}.Debug|x64.ActiveCfg = Debug|x64
		{ED6ED5FB-E97F-451D-A6A4-EA7113CA082E}.Debug|x64.Build.0 = Debug|x64
		{ED6ED5FB-E97F-451D-A6A4-EA7113CA082E}.Release|Win32.ActiveCfg = Release|Win32
		{ED6ED5FB-E97F-451D-A6A4-EA7113CA082E}.Release|Win32.Build.0 = Release|Win32
		{ED6ED5FB-E97F-451D-A6A4-EA7113CA082E}.Release|x64.ActiveCfg = Release|x64
		{ED6ED5FB-E97F-451D-A6A4-EA7113CA082E}.Release|x64.Build.0 = Release|x64
		{5E2B8F9E-4760-477E-A5C1-AEAC95D7CB89}.Debug|Win32.ActiveCfg = Debug|Win32
		{5E2B8F9E-4760-477E-A5C1-AEAC95D7CB89}.Debug|Win32.Build.0 = Debug|Win32
		{5E2B8F9E-4760-477E-A5C1-AEAC95D7CB89}.Debug|x64.ActiveCfg = Debug|x64
		{5E2B8F9E-4760-477E-A5C1-AEAC95D7CB89}.Debug|x64.Build.0 = Debug|x64
		{5E2B8F9E-4760-477E-A5C1-AEAC95D7CB89}.Release|Win32.ActiveCfg = Release|Win32
		{5E2B8F9E-4760-477E-A5C1-AEAC95D7CB89}.Release|Win32.Build.0 = Release|Win32
		{5E2B8F9E-4760-477E-A5C1-AEAC95D7CB89}.Release|x64.ActiveCfg = Release|x64
		{5E2B8F9E-4760-477E-A5C1-AEAC95D7CB89}.Release|x64.Build.0 = Release|x64
		{5A4CD0BD-C65A-4A2A-8A99-5151D5AEBB11}.Debug|Win32.ActiveCfg = Debug|Win32
		{5A4CD0BD-C65A-4A2A-8A99-5151D5AEBB11}.Debug|Win32.Build.0 = Debug|Win32
		{5A4CD0BD-C65A-4A2A-8A99-5151D5AEBB11}.Debug|x64.ActiveCfg = Debug|x64
		{5A4CD0BD-C65A-4A2A-8A99-5151D5AEBB11}.Debug|x64.Build.0 = Debug|x64
		{5A4CD0BD-C65A-4A2A-8A99-5151D5AEBB11}.Release|Win32.ActiveCfg = Release|Win32
		{5A4CD0BD-C65A-4A2A-8A99-5151D5AEBB11}.Release|Win32.Build.0 = Release|Win32
		{5A4CD0BD-C65A-4A2A-8A99-5151D5AEBB11}.Release|x64.ActiveCfg = Release|x64
		{5A4CD0BD-C65A-4A2A-8A99-5151D5AEBB11}.Release|x64.Build.0 = Release|x64
		{6E9EA1D4-8906-4811-BDFE-873985A17C8C}.Debug|Win32.ActiveCfg = Debug|Win32
		{6E9EA1D4-8906-4811-BDFE-873985A17C8C}.Debug|Win32.Build.0 = Debug|Win32
		{6E9EA1D4-8906-4811-BDFE-873985A17C8C}.Debug|x64.ActiveCfg = Debug|x64
		{6E9EA1D4-8906-4811-BDFE-873985A17C8C}.Debug|x64.Build.0 = Debug|x64
		{6E9EA1D4-8906-4811-BDFE-873985A17C8C}.Release|Win32.ActiveCfg = Release|Win32
		{6E9EA1D4-8906-4811-BDFE-873985A17C8C}.Release|Win32.Build.0 = Release|Win32
		{6E9EA1D4-8906-4811-BDFE-873985A17C8C}.Release|x64.ActiveCfg = Release|x64
		{6E9EA1D4-8906-4811-BDFE-873985A17C8C}.Release|x64.Build.0 = Release|x64
		{FB8B606A-61E6-4D72-9F70-590033DD49FE}.Debug|Win32.ActiveCfg = Debug|Win32
		{FB8B606A-61E6-4D72-9F70-590033DD49FE}.Debug|Win32.Build.0 = Debug|Win32
		{FB8B606A-61E6-4D72-9F70-590033DD49FE}.Debug|x64.ActiveCfg = Debug|x64
		{FB8B606A-61E6-4D72-9F70-590033DD49FE}.Debug|x64.Build.0 = Debug|x64
		{FB8B606A-61E6-4D72-9F70-590033DD49FE}.Release|Win32.ActiveCfg = Release|Win32
		{FB8B606A-61E6-4D72-9F70-590033DD49FE}.Release|Win32.Build.0 = Release|Win32
		{FB8B606A-61E6-4D72-9F70-590033DD49FE}.Release|x64.ActiveCfg = Release|x64
		{FB8B606A-61E6-4D72-9F70-590033DD49FE}.Release|x64.Build.0 = Release|x64
		{626AFDDB-8337-4063-97E4-75264ED764D1}.Debug|Win32.ActiveCfg = Debug|Win32
		{626AFDDB-8337-4063-97E4-75264ED764D1}.Debug|Win32.Build.0 = Debug|Win32
		{626AFDDB-8337-4063-97E4-75264ED764D1}.Debug|x64.ActiveCfg = Debug|x64
		{626AFDDB-8337-4063-97E4-75264ED764D1}.Debug|x64.Build.0 = Debug|x64
		{626AFDDB-8337-4063-97E4-75264ED764D1}.Release|Win32.ActiveCfg = Release|Win32
		{626AFDDB-8337-4063-97E4-75264ED764D1}.Release|Win32.Build.0 = Release|Win32
		{626AFDDB-8337-4063-97E4-75264ED764D1}.Release|x64.ActiveCfg = Release|x64
		{626AFDDB-8337-4063-97E4-75264ED764D1}.Release|x64.Build.0 = Release|x64
		{19D31EF8-0A21-439A-8B9B-F4941FCF0CC8}.Debug|Win32.ActiveCfg = Debug|Win32
		{19D31EF8-0A21-439A-8B9B-F4941FCF0CC8}.Debug|Win32.Build.0 = Debug|Win32
		{19D31EF8-0A21-439A-8B9B-F4941FCF0CC8}.Debug|x64.ActiveCfg = Debug|x64
		{19D31EF8-0A21-439A-8B9B-F4941FCF0CC8}.Debug|x64.Build.0 = Debug|x64
		{19D31EF8-0A21-439A-8B9B-F4941FCF0CC8}.Release|Win32.ActiveCfg = Release|Win32
		{19D31EF8-0A21-439A-8B9B-F4941FCF0CC8}.Release|Win32.Build.0 = Release|Win32
		{19D31EF8-0A21-439A-8B9B-F4941FCF0CC8}.Release|x64.ActiveCfg = Release|x64
		{19D31EF8-0A21-439A-8B9B-F4941FCF0CC8}.Release|x64.Build.0 = Release|x64
	EndGlobalSection
	GlobalSection(SolutionProperties) = preSolution
		HideSolutionNode = FALSE
	EndGlobalSection
	GlobalSection(NestedProjects) = preSolution
		{5A4CD0BD-C65A-4A2A-8A99-5151D5AEBB11} = {80985928-5852-4AAB-878C-8B0A55FDC3F3}
		{6E9EA1D4-8906-4811-BDFE-873985A17C8C} = {80985928-5852-4AAB-878C-8B0A55FDC3F3}
		{FB8B606A-61E6-4D72-9F70-590033DD49FE} = {80985928-5852-4AAB-878C-8B0A55FDC3F3}
		{626AFDDB-8337-4063-97E4-75264ED764D1} = {80985928-5852-4AAB-878C-8B0A55FDC3F3}
		{19D31EF8-0A21-439A-8B9B-F4941FCF0CC8} = {80985928-5852-4AAB-878C-8B0A55FDC3F3}
	EndGlobalSection
EndGlobal
