<?xml version="1.0" encoding="utf-8"?>
<Project ToolsVersion="4.0" xmlns="http://schemas.microsoft.com/developer/msbuild/2003">
  <ItemGroup>
    <Filter Include="Source Files">
      <UniqueIdentifier>{4FC737F1-C7A5-4376-A066-2A32D752A2FF}</UniqueIdentifier>
      <Extensions>cpp;c;cc;cxx;def;odl;idl;hpj;bat;asm;asmx</Extensions>
    </Filter>
    <Filter Include="Source Files\Chain">
      <UniqueIdentifier>{acda3304-fd4f-4a19-9fa6-38cc63a59c18}</UniqueIdentifier>
    </Filter>
    <Filter Include="Source Files\Tree">
      <UniqueIdentifier>{8d1f9139-5193-474f-afdf-94b00088e010}</UniqueIdentifier>
    </Filter>
    <Filter Include="Source Files\Exact">
      <UniqueIdentifier>{5f9127ba-6624-43a0-b8fb-2921e753c54a}</UniqueIdentifier>
    </Filter>
  </ItemGroup>
  <ItemGroup>
    <ClCompile Include="main.cpp">
      <Filter>Source Files</Filter>
    </ClCompile>
    <ClCompile Include="chain.cpp">
      <Filter>Source Files\Chain</Filter>
    </ClCompile>
    <ClCompile Include="exact.cpp">
      <Filter>Source Files\Exact</Filter>
    </ClCompile>
    <ClCompile Include="tree.cpp">
      <Filter>Source Files\Tree</Filter>
    </ClCompile>
  </ItemGroup>
  <ItemGroup>
    <ClInclude Include="tree.h">
      <Filter>Source Files\Tree</Filter>
    </ClInclude>
    <ClInclude Include="Demo1D.h">
      <Filter>Source Files</Filter>
    </ClInclude>
    <ClInclude Include="chain.h">
      <Filter>Source Files\Chain</Filter>
    </ClInclude>
    <ClInclude Include="exact.h">
      <Filter>Source Files\Exact</Filter>
    </ClInclude>
  </ItemGroup>
</Project>